
Microsoft Visual Studio Solution File, Format Version 12.00
# Visual Studio Version 17
VisualStudioVersion = 17.2.32630.192
MinimumVisualStudioVersion = 10.0.40219.1
Project("{FAE04EC0-301F-11D3-BF4B-00C04F79EFBC}") = "U8L1", "U8L1\U8L1.csproj", "{842AFEB1-2DEF-41BB-9388-954EAD5F6CC4}"
EndProject
Global
	GlobalSection(SolutionConfigurationPlatforms) = preSolution
		Debug|Any CPU = Debug|Any CPU
		Release|Any CPU = Release|Any CPU
	EndGlobalSection
	GlobalSection(ProjectConfigurationPlatforms) = postSolution
		{842AFEB1-2DEF-41BB-9388-954EAD5F6CC4}.Debug|Any CPU.ActiveCfg = Debug|Any CPU
		{842AFEB1-2DEF-41BB-9388-954EAD5F6CC4}.Debug|Any CPU.Build.0 = Debug|Any CPU
		{842AFEB1-2DEF-41BB-9388-954EAD5F6CC4}.Release|Any CPU.ActiveCfg = Release|Any CPU
		{842AFEB1-2DEF-41BB-9388-954EAD5F6CC4}.Release|Any CPU.Build.0 = Release|Any CPU
	EndGlobalSection
	GlobalSection(SolutionProperties) = preSolution
		HideSolutionNode = FALSE
	EndGlobalSection
	GlobalSection(ExtensibilityGlobals) = postSolution
		SolutionGuid = {C8DE5650-31AA-4D74-B533-C1F564D00311}
	EndGlobalSection
EndGlobal
